
Microsoft Visual Studio Solution File, Format Version 12.00
# Visual Studio 15
VisualStudioVersion = 15.0.27130.2024
MinimumVisualStudioVersion = 10.0.40219.1
Project("{A07B5EB6-E848-4116-A8D0-A826331D98C6}") = "PGS.Azure.ServiceFabric", "PGS.Azure.ServiceFabric\PGS.Azure.ServiceFabric.sfproj", "{2562FC41-B465-4D8B-A2C9-23B219E5DA10}"
EndProject
Project("{9A19103F-16F7-4668-BE54-9A1E7A4F7556}") = "PGS.Azure.ServiceFabric.VotingWeb", "PGS.Azure.ServiceFabric.VotingWeb\PGS.Azure.ServiceFabric.VotingWeb.csproj", "{6CE960D5-DF88-4F98-8742-0A72B62E2D2B}"
EndProject
Project("{FAE04EC0-301F-11D3-BF4B-00C04F79EFBC}") = "PGS.Azure.ServiceFabric.VotingActor", "PGS.Azure.ServiceFabric.VotingActor\PGS.Azure.ServiceFabric.VotingActor.csproj", "{A6018E06-8BCF-40C6-890C-B33BCB0436A1}"
EndProject
Project("{FAE04EC0-301F-11D3-BF4B-00C04F79EFBC}") = "PGS.Azure.ServiceFabric.VotingActor.Interfaces", "PGS.Azure.ServiceFabric.VotingActor.Interfaces\PGS.Azure.ServiceFabric.VotingActor.Interfaces.csproj", "{A37D87B4-E6B2-400B-928A-186F326DA388}"
EndProject
Global
	GlobalSection(SolutionConfigurationPlatforms) = preSolution
		Debug|Any CPU = Debug|Any CPU
		Debug|x64 = Debug|x64
		Release|Any CPU = Release|Any CPU
		Release|x64 = Release|x64
	EndGlobalSection
	GlobalSection(ProjectConfigurationPlatforms) = postSolution
		{2562FC41-B465-4D8B-A2C9-23B219E5DA10}.Debug|Any CPU.ActiveCfg = Debug|x64
		{2562FC41-B465-4D8B-A2C9-23B219E5DA10}.Debug|x64.ActiveCfg = Debug|x64
		{2562FC41-B465-4D8B-A2C9-23B219E5DA10}.Debug|x64.Build.0 = Debug|x64
		{2562FC41-B465-4D8B-A2C9-23B219E5DA10}.Debug|x64.Deploy.0 = Debug|x64
		{2562FC41-B465-4D8B-A2C9-23B219E5DA10}.Release|Any CPU.ActiveCfg = Release|x64
		{2562FC41-B465-4D8B-A2C9-23B219E5DA10}.Release|x64.ActiveCfg = Release|x64
		{2562FC41-B465-4D8B-A2C9-23B219E5DA10}.Release|x64.Build.0 = Release|x64
		{2562FC41-B465-4D8B-A2C9-23B219E5DA10}.Release|x64.Deploy.0 = Release|x64
		{6CE960D5-DF88-4F98-8742-0A72B62E2D2B}.Debug|Any CPU.ActiveCfg = Debug|Any CPU
		{6CE960D5-DF88-4F98-8742-0A72B62E2D2B}.Debug|Any CPU.Build.0 = Debug|Any CPU
		{6CE960D5-DF88-4F98-8742-0A72B62E2D2B}.Debug|x64.ActiveCfg = Debug|Any CPU
		{6CE960D5-DF88-4F98-8742-0A72B62E2D2B}.Debug|x64.Build.0 = Debug|Any CPU
		{6CE960D5-DF88-4F98-8742-0A72B62E2D2B}.Release|Any CPU.ActiveCfg = Release|Any CPU
		{6CE960D5-DF88-4F98-8742-0A72B62E2D2B}.Release|Any CPU.Build.0 = Release|Any CPU
		{6CE960D5-DF88-4F98-8742-0A72B62E2D2B}.Release|x64.ActiveCfg = Release|Any CPU
		{6CE960D5-DF88-4F98-8742-0A72B62E2D2B}.Release|x64.Build.0 = Release|Any CPU
		{A6018E06-8BCF-40C6-890C-B33BCB0436A1}.Debug|Any CPU.ActiveCfg = Debug|x64
		{A6018E06-8BCF-40C6-890C-B33BCB0436A1}.Debug|x64.ActiveCfg = Debug|x64
		{A6018E06-8BCF-40C6-890C-B33BCB0436A1}.Debug|x64.Build.0 = Debug|x64
		{A6018E06-8BCF-40C6-890C-B33BCB0436A1}.Release|Any CPU.ActiveCfg = Release|x64
		{A6018E06-8BCF-40C6-890C-B33BCB0436A1}.Release|x64.ActiveCfg = Release|x64
		{A6018E06-8BCF-40C6-890C-B33BCB0436A1}.Release|x64.Build.0 = Release|x64
		{A37D87B4-E6B2-400B-928A-186F326DA388}.Debug|Any CPU.ActiveCfg = Debug|x64
		{A37D87B4-E6B2-400B-928A-186F326DA388}.Debug|x64.ActiveCfg = Debug|x64
		{A37D87B4-E6B2-400B-928A-186F326DA388}.Debug|x64.Build.0 = Debug|x64
		{A37D87B4-E6B2-400B-928A-186F326DA388}.Release|Any CPU.ActiveCfg = Release|x64
		{A37D87B4-E6B2-400B-928A-186F326DA388}.Release|x64.ActiveCfg = Release|x64
		{A37D87B4-E6B2-400B-928A-186F326DA388}.Release|x64.Build.0 = Release|x64
	EndGlobalSection
	GlobalSection(SolutionProperties) = preSolution
		HideSolutionNode = FALSE
	EndGlobalSection
	GlobalSection(ExtensibilityGlobals) = postSolution
		SolutionGuid = {75BB9C2C-03A4-476F-814E-B74AC38C4865}
	EndGlobalSection
EndGlobal
